
Microsoft Visual Studio Solution File, Format Version 12.00
# Visual Studio 2013
VisualStudioVersion = 12.0.31101.0
MinimumVisualStudioVersion = 10.0.40219.1
Project("{FAE04EC0-301F-11D3-BF4B-00C04F79EFBC}") = "PAKAZE", "PAKAZE\PAKAZE\PAKAZE.csproj", "{72F877D1-B018-4405-8380-00B4E96BEB75}"
EndProject
Project("{FAE04EC0-301F-11D3-BF4B-00C04F79EFBC}") = "PAKAZE.iOS", "PAKAZE\PAKAZE.iOS\PAKAZE.iOS.csproj", "{4D0C36DC-76F6-4A00-9351-7D06359E42F8}"
EndProject
Project("{FAE04EC0-301F-11D3-BF4B-00C04F79EFBC}") = "PAKAZE.Droid", "PAKAZE\PAKAZE.Droid\PAKAZE.Droid.csproj", "{232C7CCB-7502-4FA5-B774-26E62BBA8679}"
EndProject
Project("{FAE04EC0-301F-11D3-BF4B-00C04F79EFBC}") = "PAKAZE.WinPhone", "PAKAZE\PAKAZE.WinPhone\PAKAZE.WinPhone.csproj", "{4456E82C-3B31-4BE6-A6BE-F7432476A343}"
EndProject
Project("{2150E333-8FDC-42A3-9474-1A3956D46DE8}") = ".nuget", ".nuget", "{F3F8A8E8-C88D-4967-8703-A117D7FB3B58}"
	ProjectSection(SolutionItems) = preProject
		.nuget\NuGet.Config = .nuget\NuGet.Config
		.nuget\NuGet.exe = .nuget\NuGet.exe
		.nuget\NuGet.targets = .nuget\NuGet.targets
	EndProjectSection
EndProject
Global
	GlobalSection(SolutionConfigurationPlatforms) = preSolution
		Ad-Hoc|Any CPU = Ad-Hoc|Any CPU
		Ad-Hoc|ARM = Ad-Hoc|ARM
		Ad-Hoc|iPhone = Ad-Hoc|iPhone
		Ad-Hoc|iPhoneSimulator = Ad-Hoc|iPhoneSimulator
		Ad-Hoc|Mixed Platforms = Ad-Hoc|Mixed Platforms
		Ad-Hoc|x86 = Ad-Hoc|x86
		AppStore|Any CPU = AppStore|Any CPU
		AppStore|ARM = AppStore|ARM
		AppStore|iPhone = AppStore|iPhone
		AppStore|iPhoneSimulator = AppStore|iPhoneSimulator
		AppStore|Mixed Platforms = AppStore|Mixed Platforms
		AppStore|x86 = AppStore|x86
		Debug|Any CPU = Debug|Any CPU
		Debug|ARM = Debug|ARM
		Debug|iPhone = Debug|iPhone
		Debug|iPhoneSimulator = Debug|iPhoneSimulator
		Debug|Mixed Platforms = Debug|Mixed Platforms
		Debug|x86 = Debug|x86
		Release|Any CPU = Release|Any CPU
		Release|ARM = Release|ARM
		Release|iPhone = Release|iPhone
		Release|iPhoneSimulator = Release|iPhoneSimulator
		Release|Mixed Platforms = Release|Mixed Platforms
		Release|x86 = Release|x86
	EndGlobalSection
	GlobalSection(ProjectConfigurationPlatforms) = postSolution
		{72F877D1-B018-4405-8380-00B4E96BEB75}.Ad-Hoc|Any CPU.ActiveCfg = Release|Any CPU
		{72F877D1-B018-4405-8380-00B4E96BEB75}.Ad-Hoc|Any CPU.Build.0 = Release|Any CPU
		{72F877D1-B018-4405-8380-00B4E96BEB75}.Ad-Hoc|ARM.ActiveCfg = Release|Any CPU
		{72F877D1-B018-4405-8380-00B4E96BEB75}.Ad-Hoc|iPhone.ActiveCfg = Release|Any CPU
		{72F877D1-B018-4405-8380-00B4E96BEB75}.Ad-Hoc|iPhoneSimulator.ActiveCfg = Release|Any CPU
		{72F877D1-B018-4405-8380-00B4E96BEB75}.Ad-Hoc|Mixed Platforms.ActiveCfg = Release|Any CPU
		{72F877D1-B018-4405-8380-00B4E96BEB75}.Ad-Hoc|Mixed Platforms.Build.0 = Release|Any CPU
		{72F877D1-B018-4405-8380-00B4E96BEB75}.Ad-Hoc|x86.ActiveCfg = Release|Any CPU
		{72F877D1-B018-4405-8380-00B4E96BEB75}.AppStore|Any CPU.ActiveCfg = Release|Any CPU
		{72F877D1-B018-4405-8380-00B4E96BEB75}.AppStore|Any CPU.Build.0 = Release|Any CPU
		{72F877D1-B018-4405-8380-00B4E96BEB75}.AppStore|ARM.ActiveCfg = Release|Any CPU
		{72F877D1-B018-4405-8380-00B4E96BEB75}.AppStore|iPhone.ActiveCfg = Release|Any CPU
		{72F877D1-B018-4405-8380-00B4E96BEB75}.AppStore|iPhoneSimulator.ActiveCfg = Release|Any CPU
		{72F877D1-B018-4405-8380-00B4E96BEB75}.AppStore|Mixed Platforms.ActiveCfg = Release|Any CPU
		{72F877D1-B018-4405-8380-00B4E96BEB75}.AppStore|Mixed Platforms.Build.0 = Release|Any CPU
		{72F877D1-B018-4405-8380-00B4E96BEB75}.AppStore|x86.ActiveCfg = Release|Any CPU
		{72F877D1-B018-4405-8380-00B4E96BEB75}.Debug|Any CPU.ActiveCfg = Debug|Any CPU
		{72F877D1-B018-4405-8380-00B4E96BEB75}.Debug|Any CPU.Build.0 = Debug|Any CPU
		{72F877D1-B018-4405-8380-00B4E96BEB75}.Debug|ARM.ActiveCfg = Debug|Any CPU
		{72F877D1-B018-4405-8380-00B4E96BEB75}.Debug|iPhone.ActiveCfg = Debug|Any CPU
		{72F877D1-B018-4405-8380-00B4E96BEB75}.Debug|iPhoneSimulator.ActiveCfg = Debug|Any CPU
		{72F877D1-B018-4405-8380-00B4E96BEB75}.Debug|Mixed Platforms.ActiveCfg = Debug|Any CPU
		{72F877D1-B018-4405-8380-00B4E96BEB75}.Debug|Mixed Platforms.Build.0 = Debug|Any CPU
		{72F877D1-B018-4405-8380-00B4E96BEB75}.Debug|x86.ActiveCfg = Debug|Any CPU
		{72F877D1-B018-4405-8380-00B4E96BEB75}.Release|Any CPU.ActiveCfg = Release|Any CPU
		{72F877D1-B018-4405-8380-00B4E96BEB75}.Release|Any CPU.Build.0 = Release|Any CPU
		{72F877D1-B018-4405-8380-00B4E96BEB75}.Release|ARM.ActiveCfg = Release|Any CPU
		{72F877D1-B018-4405-8380-00B4E96BEB75}.Release|iPhone.ActiveCfg = Release|Any CPU
		{72F877D1-B018-4405-8380-00B4E96BEB75}.Release|iPhoneSimulator.ActiveCfg = Release|Any CPU
		{72F877D1-B018-4405-8380-00B4E96BEB75}.Release|Mixed Platforms.ActiveCfg = Release|Any CPU
		{72F877D1-B018-4405-8380-00B4E96BEB75}.Release|Mixed Platforms.Build.0 = Release|Any CPU
		{72F877D1-B018-4405-8380-00B4E96BEB75}.Release|x86.ActiveCfg = Release|Any CPU
		{4D0C36DC-76F6-4A00-9351-7D06359E42F8}.Ad-Hoc|Any CPU.ActiveCfg = Ad-Hoc|iPhone
		{4D0C36DC-76F6-4A00-9351-7D06359E42F8}.Ad-Hoc|ARM.ActiveCfg = Ad-Hoc|iPhone
		{4D0C36DC-76F6-4A00-9351-7D06359E42F8}.Ad-Hoc|iPhone.ActiveCfg = Ad-Hoc|iPhone
		{4D0C36DC-76F6-4A00-9351-7D06359E42F8}.Ad-Hoc|iPhone.Build.0 = Ad-Hoc|iPhone
		{4D0C36DC-76F6-4A00-9351-7D06359E42F8}.Ad-Hoc|iPhoneSimulator.ActiveCfg = Ad-Hoc|iPhoneSimulator
		{4D0C36DC-76F6-4A00-9351-7D06359E42F8}.Ad-Hoc|iPhoneSimulator.Build.0 = Ad-Hoc|iPhoneSimulator
		{4D0C36DC-76F6-4A00-9351-7D06359E42F8}.Ad-Hoc|Mixed Platforms.ActiveCfg = Ad-Hoc|iPhone
		{4D0C36DC-76F6-4A00-9351-7D06359E42F8}.Ad-Hoc|Mixed Platforms.Build.0 = Ad-Hoc|iPhone
		{4D0C36DC-76F6-4A00-9351-7D06359E42F8}.Ad-Hoc|x86.ActiveCfg = Ad-Hoc|iPhone
		{4D0C36DC-76F6-4A00-9351-7D06359E42F8}.AppStore|Any CPU.ActiveCfg = AppStore|iPhone
		{4D0C36DC-76F6-4A00-9351-7D06359E42F8}.AppStore|ARM.ActiveCfg = AppStore|iPhone
		{4D0C36DC-76F6-4A00-9351-7D06359E42F8}.AppStore|iPhone.ActiveCfg = AppStore|iPhone
		{4D0C36DC-76F6-4A00-9351-7D06359E42F8}.AppStore|iPhone.Build.0 = AppStore|iPhone
		{4D0C36DC-76F6-4A00-9351-7D06359E42F8}.AppStore|iPhoneSimulator.ActiveCfg = AppStore|iPhoneSimulator
		{4D0C36DC-76F6-4A00-9351-7D06359E42F8}.AppStore|iPhoneSimulator.Build.0 = AppStore|iPhoneSimulator
		{4D0C36DC-76F6-4A00-9351-7D06359E42F8}.AppStore|Mixed Platforms.ActiveCfg = AppStore|iPhone
		{4D0C36DC-76F6-4A00-9351-7D06359E42F8}.AppStore|Mixed Platforms.Build.0 = AppStore|iPhone
		{4D0C36DC-76F6-4A00-9351-7D06359E42F8}.AppStore|x86.ActiveCfg = AppStore|iPhone
		{4D0C36DC-76F6-4A00-9351-7D06359E42F8}.Debug|Any CPU.ActiveCfg = Debug|iPhone
		{4D0C36DC-76F6-4A00-9351-7D06359E42F8}.Debug|ARM.ActiveCfg = Debug|iPhone
		{4D0C36DC-76F6-4A00-9351-7D06359E42F8}.Debug|iPhone.ActiveCfg = Debug|iPhone
		{4D0C36DC-76F6-4A00-9351-7D06359E42F8}.Debug|iPhone.Build.0 = Debug|iPhone
		{4D0C36DC-76F6-4A00-9351-7D06359E42F8}.Debug|iPhoneSimulator.ActiveCfg = Debug|iPhoneSimulator
		{4D0C36DC-76F6-4A00-9351-7D06359E42F8}.Debug|iPhoneSimulator.Build.0 = Debug|iPhoneSimulator
		{4D0C36DC-76F6-4A00-9351-7D06359E42F8}.Debug|Mixed Platforms.ActiveCfg = Debug|iPhone
		{4D0C36DC-76F6-4A00-9351-7D06359E42F8}.Debug|Mixed Platforms.Build.0 = Debug|iPhone
		{4D0C36DC-76F6-4A00-9351-7D06359E42F8}.Debug|x86.ActiveCfg = Debug|iPhone
		{4D0C36DC-76F6-4A00-9351-7D06359E42F8}.Release|Any CPU.ActiveCfg = Release|iPhone
		{4D0C36DC-76F6-4A00-9351-7D06359E42F8}.Release|ARM.ActiveCfg = Release|iPhone
		{4D0C36DC-76F6-4A00-9351-7D06359E42F8}.Release|iPhone.ActiveCfg = Release|iPhone
		{4D0C36DC-76F6-4A00-9351-7D06359E42F8}.Release|iPhone.Build.0 = Release|iPhone
		{4D0C36DC-76F6-4A00-9351-7D06359E42F8}.Release|iPhoneSimulator.ActiveCfg = Release|iPhoneSimulator
		{4D0C36DC-76F6-4A00-9351-7D06359E42F8}.Release|iPhoneSimulator.Build.0 = Release|iPhoneSimulator
		{4D0C36DC-76F6-4A00-9351-7D06359E42F8}.Release|Mixed Platforms.ActiveCfg = Release|iPhone
		{4D0C36DC-76F6-4A00-9351-7D06359E42F8}.Release|Mixed Platforms.Build.0 = Release|iPhone
		{4D0C36DC-76F6-4A00-9351-7D06359E42F8}.Release|x86.ActiveCfg = Release|iPhone
		{232C7CCB-7502-4FA5-B774-26E62BBA8679}.Ad-Hoc|Any CPU.ActiveCfg = Release|Any CPU
		{232C7CCB-7502-4FA5-B774-26E62BBA8679}.Ad-Hoc|Any CPU.Build.0 = Release|Any CPU
		{232C7CCB-7502-4FA5-B774-26E62BBA8679}.Ad-Hoc|Any CPU.Deploy.0 = Release|Any CPU
		{232C7CCB-7502-4FA5-B774-26E62BBA8679}.Ad-Hoc|ARM.ActiveCfg = Release|Any CPU
		{232C7CCB-7502-4FA5-B774-26E62BBA8679}.Ad-Hoc|iPhone.ActiveCfg = Release|Any CPU
		{232C7CCB-7502-4FA5-B774-26E62BBA8679}.Ad-Hoc|iPhoneSimulator.ActiveCfg = Release|Any CPU
		{232C7CCB-7502-4FA5-B774-26E62BBA8679}.Ad-Hoc|Mixed Platforms.ActiveCfg = Release|Any CPU
		{232C7CCB-7502-4FA5-B774-26E62BBA8679}.Ad-Hoc|Mixed Platforms.Build.0 = Release|Any CPU
		{232C7CCB-7502-4FA5-B774-26E62BBA8679}.Ad-Hoc|Mixed Platforms.Deploy.0 = Release|Any CPU
		{232C7CCB-7502-4FA5-B774-26E62BBA8679}.Ad-Hoc|x86.ActiveCfg = Release|Any CPU
		{232C7CCB-7502-4FA5-B774-26E62BBA8679}.AppStore|Any CPU.ActiveCfg = Release|Any CPU
		{232C7CCB-7502-4FA5-B774-26E62BBA8679}.AppStore|Any CPU.Build.0 = Release|Any CPU
		{232C7CCB-7502-4FA5-B774-26E62BBA8679}.AppStore|Any CPU.Deploy.0 = Release|Any CPU
		{232C7CCB-7502-4FA5-B774-26E62BBA8679}.AppStore|ARM.ActiveCfg = Release|Any CPU
		{232C7CCB-7502-4FA5-B774-26E62BBA8679}.AppStore|iPhone.ActiveCfg = Release|Any CPU
		{232C7CCB-7502-4FA5-B774-26E62BBA8679}.AppStore|iPhoneSimulator.ActiveCfg = Release|Any CPU
		{232C7CCB-7502-4FA5-B774-26E62BBA8679}.AppStore|Mixed Platforms.ActiveCfg = Release|Any CPU
		{232C7CCB-7502-4FA5-B774-26E62BBA8679}.AppStore|Mixed Platforms.Build.0 = Release|Any CPU
		{232C7CCB-7502-4FA5-B774-26E62BBA8679}.AppStore|Mixed Platforms.Deploy.0 = Release|Any CPU
		{232C7CCB-7502-4FA5-B774-26E62BBA8679}.AppStore|x86.ActiveCfg = Release|Any CPU
		{232C7CCB-7502-4FA5-B774-26E62BBA8679}.Debug|Any CPU.ActiveCfg = Debug|Any CPU
		{232C7CCB-7502-4FA5-B774-26E62BBA8679}.Debug|Any CPU.Build.0 = Debug|Any CPU
		{232C7CCB-7502-4FA5-B774-26E62BBA8679}.Debug|Any CPU.Deploy.0 = Debug|Any CPU
		{232C7CCB-7502-4FA5-B774-26E62BBA8679}.Debug|ARM.ActiveCfg = Debug|Any CPU
		{232C7CCB-7502-4FA5-B774-26E62BBA8679}.Debug|iPhone.ActiveCfg = Debug|Any CPU
		{232C7CCB-7502-4FA5-B774-26E62BBA8679}.Debug|iPhoneSimulator.ActiveCfg = Debug|Any CPU
		{232C7CCB-7502-4FA5-B774-26E62BBA8679}.Debug|Mixed Platforms.ActiveCfg = Debug|Any CPU
		{232C7CCB-7502-4FA5-B774-26E62BBA8679}.Debug|Mixed Platforms.Build.0 = Debug|Any CPU
		{232C7CCB-7502-4FA5-B774-26E62BBA8679}.Debug|Mixed Platforms.Deploy.0 = Debug|Any CPU
		{232C7CCB-7502-4FA5-B774-26E62BBA8679}.Debug|x86.ActiveCfg = Debug|Any CPU
		{232C7CCB-7502-4FA5-B774-26E62BBA8679}.Release|Any CPU.ActiveCfg = Release|Any CPU
		{232C7CCB-7502-4FA5-B774-26E62BBA8679}.Release|Any CPU.Build.0 = Release|Any CPU
		{232C7CCB-7502-4FA5-B774-26E62BBA8679}.Release|Any CPU.Deploy.0 = Release|Any CPU
		{232C7CCB-7502-4FA5-B774-26E62BBA8679}.Release|ARM.ActiveCfg = Release|Any CPU
		{232C7CCB-7502-4FA5-B774-26E62BBA8679}.Release|iPhone.ActiveCfg = Release|Any CPU
		{232C7CCB-7502-4FA5-B774-26E62BBA8679}.Release|iPhoneSimulator.ActiveCfg = Release|Any CPU
		{232C7CCB-7502-4FA5-B774-26E62BBA8679}.Release|Mixed Platforms.ActiveCfg = Release|Any CPU
		{232C7CCB-7502-4FA5-B774-26E62BBA8679}.Release|Mixed Platforms.Build.0 = Release|Any CPU
		{232C7CCB-7502-4FA5-B774-26E62BBA8679}.Release|Mixed Platforms.Deploy.0 = Release|Any CPU
		{232C7CCB-7502-4FA5-B774-26E62BBA8679}.Release|x86.ActiveCfg = Release|Any CPU
		{4456E82C-3B31-4BE6-A6BE-F7432476A343}.Ad-Hoc|Any CPU.ActiveCfg = Release|Any CPU
		{4456E82C-3B31-4BE6-A6BE-F7432476A343}.Ad-Hoc|Any CPU.Build.0 = Release|Any CPU
		{4456E82C-3B31-4BE6-A6BE-F7432476A343}.Ad-Hoc|Any CPU.Deploy.0 = Release|Any CPU
		{4456E82C-3B31-4BE6-A6BE-F7432476A343}.Ad-Hoc|ARM.ActiveCfg = Release|ARM
		{4456E82C-3B31-4BE6-A6BE-F7432476A343}.Ad-Hoc|ARM.Build.0 = Release|ARM
		{4456E82C-3B31-4BE6-A6BE-F7432476A343}.Ad-Hoc|ARM.Deploy.0 = Release|ARM
		{4456E82C-3B31-4BE6-A6BE-F7432476A343}.Ad-Hoc|iPhone.ActiveCfg = Release|Any CPU
		{4456E82C-3B31-4BE6-A6BE-F7432476A343}.Ad-Hoc|iPhoneSimulator.ActiveCfg = Release|Any CPU
		{4456E82C-3B31-4BE6-A6BE-F7432476A343}.Ad-Hoc|Mixed Platforms.ActiveCfg = Release|x86
		{4456E82C-3B31-4BE6-A6BE-F7432476A343}.Ad-Hoc|Mixed Platforms.Build.0 = Release|x86
		{4456E82C-3B31-4BE6-A6BE-F7432476A343}.Ad-Hoc|Mixed Platforms.Deploy.0 = Release|x86
		{4456E82C-3B31-4BE6-A6BE-F7432476A343}.Ad-Hoc|x86.ActiveCfg = Release|x86
		{4456E82C-3B31-4BE6-A6BE-F7432476A343}.Ad-Hoc|x86.Build.0 = Release|x86
		{4456E82C-3B31-4BE6-A6BE-F7432476A343}.Ad-Hoc|x86.Deploy.0 = Release|x86
		{4456E82C-3B31-4BE6-A6BE-F7432476A343}.AppStore|Any CPU.ActiveCfg = Release|Any CPU
		{4456E82C-3B31-4BE6-A6BE-F7432476A343}.AppStore|Any CPU.Build.0 = Release|Any CPU
		{4456E82C-3B31-4BE6-A6BE-F7432476A343}.AppStore|Any CPU.Deploy.0 = Release|Any CPU
		{4456E82C-3B31-4BE6-A6BE-F7432476A343}.AppStore|ARM.ActiveCfg = Release|ARM
		{4456E82C-3B31-4BE6-A6BE-F7432476A343}.AppStore|ARM.Build.0 = Release|ARM
		{4456E82C-3B31-4BE6-A6BE-F7432476A343}.AppStore|ARM.Deploy.0 = Release|ARM
		{4456E82C-3B31-4BE6-A6BE-F7432476A343}.AppStore|iPhone.ActiveCfg = Release|Any CPU
		{4456E82C-3B31-4BE6-A6BE-F7432476A343}.AppStore|iPhoneSimulator.ActiveCfg = Release|Any CPU
		{4456E82C-3B31-4BE6-A6BE-F7432476A343}.AppStore|Mixed Platforms.ActiveCfg = Release|x86
		{4456E82C-3B31-4BE6-A6BE-F7432476A343}.AppStore|Mixed Platforms.Build.0 = Release|x86
		{4456E82C-3B31-4BE6-A6BE-F7432476A343}.AppStore|Mixed Platforms.Deploy.0 = Release|x86
		{4456E82C-3B31-4BE6-A6BE-F7432476A343}.AppStore|x86.ActiveCfg = Release|x86
		{4456E82C-3B31-4BE6-A6BE-F7432476A343}.AppStore|x86.Build.0 = Release|x86
		{4456E82C-3B31-4BE6-A6BE-F7432476A343}.AppStore|x86.Deploy.0 = Release|x86
		{4456E82C-3B31-4BE6-A6BE-F7432476A343}.Debug|Any CPU.ActiveCfg = Debug|Any CPU
		{4456E82C-3B31-4BE6-A6BE-F7432476A343}.Debug|ARM.ActiveCfg = Debug|ARM
		{4456E82C-3B31-4BE6-A6BE-F7432476A343}.Debug|ARM.Build.0 = Debug|ARM
		{4456E82C-3B31-4BE6-A6BE-F7432476A343}.Debug|ARM.Deploy.0 = Debug|ARM
		{4456E82C-3B31-4BE6-A6BE-F7432476A343}.Debug|iPhone.ActiveCfg = Debug|Any CPU
		{4456E82C-3B31-4BE6-A6BE-F7432476A343}.Debug|iPhoneSimulator.ActiveCfg = Debug|Any CPU
		{4456E82C-3B31-4BE6-A6BE-F7432476A343}.Debug|Mixed Platforms.ActiveCfg = Debug|x86
		{4456E82C-3B31-4BE6-A6BE-F7432476A343}.Debug|Mixed Platforms.Build.0 = Debug|x86
		{4456E82C-3B31-4BE6-A6BE-F7432476A343}.Debug|Mixed Platforms.Deploy.0 = Debug|x86
		{4456E82C-3B31-4BE6-A6BE-F7432476A343}.Debug|x86.ActiveCfg = Debug|x86
		{4456E82C-3B31-4BE6-A6BE-F7432476A343}.Debug|x86.Build.0 = Debug|x86
		{4456E82C-3B31-4BE6-A6BE-F7432476A343}.Debug|x86.Deploy.0 = Debug|x86
		{4456E82C-3B31-4BE6-A6BE-F7432476A343}.Release|Any CPU.ActiveCfg = Release|Any CPU
		{4456E82C-3B31-4BE6-A6BE-F7432476A343}.Release|ARM.ActiveCfg = Release|ARM
		{4456E82C-3B31-4BE6-A6BE-F7432476A343}.Release|ARM.Build.0 = Release|ARM
		{4456E82C-3B31-4BE6-A6BE-F7432476A343}.Release|ARM.Deploy.0 = Release|ARM
		{4456E82C-3B31-4BE6-A6BE-F7432476A343}.Release|iPhone.ActiveCfg = Release|Any CPU
		{4456E82C-3B31-4BE6-A6BE-F7432476A343}.Release|iPhoneSimulator.ActiveCfg = Release|Any CPU
		{4456E82C-3B31-4BE6-A6BE-F7432476A343}.Release|Mixed Platforms.ActiveCfg = Release|x86
		{4456E82C-3B31-4BE6-A6BE-F7432476A343}.Release|Mixed Platforms.Build.0 = Release|x86
		{4456E82C-3B31-4BE6-A6BE-F7432476A343}.Release|Mixed Platforms.Deploy.0 = Release|x86
		{4456E82C-3B31-4BE6-A6BE-F7432476A343}.Release|x86.ActiveCfg = Release|x86
		{4456E82C-3B31-4BE6-A6BE-F7432476A343}.Release|x86.Build.0 = Release|x86
		{4456E82C-3B31-4BE6-A6BE-F7432476A343}.Release|x86.Deploy.0 = Release|x86
	EndGlobalSection
	GlobalSection(SolutionProperties) = preSolution
		HideSolutionNode = FALSE
	EndGlobalSection
EndGlobal
